<?xml version="1.0" encoding="UTF-8" standalone="yes" ?>
<CodeBlocks_project_file>
	<FileVersion major="1" minor="6" />
	<Project>
		<Option title="RSALGO" />
		<Option pch_mode="2" />
		<Option compiler="gcc" />
		<Build>
			<Target title="Debug">
				<Option output="bin/Debug/RSALGO" prefix_auto="1" extension_auto="1" />
				<Option object_output="obj/Debug/" />
				<Option type="1" />
				<Option compiler="gcc" />
				<Compiler>
					<Add option="-g" />
				</Compiler>
			</Target>
			<Target title="Release">
				<Option output="bin/Release/RSALGO" prefix_auto="1" extension_auto="1" />
				<Option object_output="obj/Release/" />
				<Option type="1" />
				<Option compiler="gcc" />
				<Compiler>
					<Add option="-O2" />
				</Compiler>
				<Linker>
					<Add option="-s" />
				</Linker>
			</Target>
		</Build>
		<Compiler>
			<Add option="-Wall" />
		</Compiler>
		<Unit filename="TSP/tsp.c">
			<Option compilerVar="CC" />
		</Unit>
		<Unit filename="TSP/tsp.h" />
		<Unit filename="bellman-ford/bellman.c">
			<Option compilerVar="CC" />
		</Unit>
		<Unit filename="bellman-ford/bellman.h" />
		<Unit filename="cJSON.c">
			<Option compilerVar="CC" />
		</Unit>
		<Unit filename="cJSON.h" />
		<Unit filename="floyd/floyd.c">
			<Option compilerVar="CC" />
		</Unit>
		<Unit filename="floyd/floyd.h" />
		<Unit filename="graph/graph.c">
			<Option compilerVar="CC" />
		</Unit>
		<Unit filename="graph/graph.h" />
		<Unit filename="json/json_utils.c">
			<Option compilerVar="CC" />
		</Unit>
		<Unit filename="json/json_utils.h" />
		<Unit filename="main.c">
			<Option compilerVar="CC" />
		</Unit>
		<Unit filename="multi_day_planner/multi_day_planner.c">
			<Option compilerVar="CC" />
		</Unit>
		<Unit filename="multi_day_planner/multi_day_planner.h" />
		<Unit filename="queue/queue.c">
			<Option compilerVar="CC" />
		</Unit>
		<Unit filename="queue/queue.h" />
		<Unit filename="temp/temp.h" />
		<Unit filename="temp/temps.c">
			<Option compilerVar="CC" />
		</Unit>
		<Unit filename="traversal/traversal.c">
			<Option compilerVar="CC" />
		</Unit>
		<Unit filename="traversal/traversal.h" />
		<Extensions />
	</Project>
</CodeBlocks_project_file>
